
Microsoft Visual Studio Solution File, Format Version 12.00
# Visual Studio Version 17
VisualStudioVersion = 17.8.34511.84
MinimumVisualStudioVersion = 10.0.40219.1
Project("{9A19103F-16F7-4668-BE54-9A1E7A4F7556}") = "WembleyScada.Api", "WembleyScada.Api\WembleyScada.Api.csproj", "{CEA7419C-9A1D-4B10-8B46-6D94377D3AE8}"
EndProject
Project("{9A19103F-16F7-4668-BE54-9A1E7A4F7556}") = "WembleyScada.Domain", "WembleyScada.Domain\WembleyScada.Domain.csproj", "{694CCCD6-44FA-4A92-9B8A-AFAEA145721C}"
EndProject
Project("{9A19103F-16F7-4668-BE54-9A1E7A4F7556}") = "WembleyScada.Infrastructure", "WembleyScada.Infrastructure\WembleyScada.Infrastructure.csproj", "{DD642FF4-6D6E-4B62-A6C8-3F1DB96BF874}"
EndProject
Project("{9A19103F-16F7-4668-BE54-9A1E7A4F7556}") = "WembleyScada.Host", "WembleyScada.Host\WembleyScada.Host.csproj", "{C5ED1267-12AC-4120-AB02-83C93CB9D0FA}"
EndProject
Project("{9A19103F-16F7-4668-BE54-9A1E7A4F7556}") = "TestClient", "TestClient\TestClient.csproj", "{1A898B4A-59A5-4B21-BDD1-3511770A15BA}"
EndProject
Global
	GlobalSection(SolutionConfigurationPlatforms) = preSolution
		Debug|Any CPU = Debug|Any CPU
		Release|Any CPU = Release|Any CPU
	EndGlobalSection
	GlobalSection(ProjectConfigurationPlatforms) = postSolution
		{CEA7419C-9A1D-4B10-8B46-6D94377D3AE8}.Debug|Any CPU.ActiveCfg = Debug|Any CPU
		{CEA7419C-9A1D-4B10-8B46-6D94377D3AE8}.Debug|Any CPU.Build.0 = Debug|Any CPU
		{CEA7419C-9A1D-4B10-8B46-6D94377D3AE8}.Release|Any CPU.ActiveCfg = Release|Any CPU
		{CEA7419C-9A1D-4B10-8B46-6D94377D3AE8}.Release|Any CPU.Build.0 = Release|Any CPU
		{694CCCD6-44FA-4A92-9B8A-AFAEA145721C}.Debug|Any CPU.ActiveCfg = Debug|Any CPU
		{694CCCD6-44FA-4A92-9B8A-AFAEA145721C}.Debug|Any CPU.Build.0 = Debug|Any CPU
		{694CCCD6-44FA-4A92-9B8A-AFAEA145721C}.Release|Any CPU.ActiveCfg = Release|Any CPU
		{694CCCD6-44FA-4A92-9B8A-AFAEA145721C}.Release|Any CPU.Build.0 = Release|Any CPU
		{DD642FF4-6D6E-4B62-A6C8-3F1DB96BF874}.Debug|Any CPU.ActiveCfg = Debug|Any CPU
		{DD642FF4-6D6E-4B62-A6C8-3F1DB96BF874}.Debug|Any CPU.Build.0 = Debug|Any CPU
		{DD642FF4-6D6E-4B62-A6C8-3F1DB96BF874}.Release|Any CPU.ActiveCfg = Release|Any CPU
		{DD642FF4-6D6E-4B62-A6C8-3F1DB96BF874}.Release|Any CPU.Build.0 = Release|Any CPU
		{C5ED1267-12AC-4120-AB02-83C93CB9D0FA}.Debug|Any CPU.ActiveCfg = Debug|Any CPU
		{C5ED1267-12AC-4120-AB02-83C93CB9D0FA}.Debug|Any CPU.Build.0 = Debug|Any CPU
		{C5ED1267-12AC-4120-AB02-83C93CB9D0FA}.Release|Any CPU.ActiveCfg = Release|Any CPU
		{C5ED1267-12AC-4120-AB02-83C93CB9D0FA}.Release|Any CPU.Build.0 = Release|Any CPU
		{1A898B4A-59A5-4B21-BDD1-3511770A15BA}.Debug|Any CPU.ActiveCfg = Debug|Any CPU
		{1A898B4A-59A5-4B21-BDD1-3511770A15BA}.Debug|Any CPU.Build.0 = Debug|Any CPU
		{1A898B4A-59A5-4B21-BDD1-3511770A15BA}.Release|Any CPU.ActiveCfg = Release|Any CPU
		{1A898B4A-59A5-4B21-BDD1-3511770A15BA}.Release|Any CPU.Build.0 = Release|Any CPU
	EndGlobalSection
	GlobalSection(SolutionProperties) = preSolution
		HideSolutionNode = FALSE
	EndGlobalSection
	GlobalSection(ExtensibilityGlobals) = postSolution
		SolutionGuid = {0BE1C324-CAAD-4D97-BD49-6D308D0EC85F}
	EndGlobalSection
EndGlobal
